
Microsoft Visual Studio Solution File, Format Version 12.00
# Visual Studio Version 17
VisualStudioVersion = 17.4.33213.308
MinimumVisualStudioVersion = 10.0.40219.1
Project("{FAE04EC0-301F-11D3-BF4B-00C04F79EFBC}") = "App1", "App1\App1.csproj", "{61D519A3-07B9-484D-8EB4-1C6DD6D4246A}"
EndProject
Project("{FAE04EC0-301F-11D3-BF4B-00C04F79EFBC}") = "App2", "App2\App2.csproj", "{9745C76E-551D-4CD8-B60D-6C2DD772DEA0}"
EndProject
Global
	GlobalSection(SolutionConfigurationPlatforms) = preSolution
		Debug|Any CPU = Debug|Any CPU
		Release|Any CPU = Release|Any CPU
	EndGlobalSection
	GlobalSection(ProjectConfigurationPlatforms) = postSolution
		{61D519A3-07B9-484D-8EB4-1C6DD6D4246A}.Debug|Any CPU.ActiveCfg = Debug|Any CPU
		{61D519A3-07B9-484D-8EB4-1C6DD6D4246A}.Debug|Any CPU.Build.0 = Debug|Any CPU
		{61D519A3-07B9-484D-8EB4-1C6DD6D4246A}.Release|Any CPU.ActiveCfg = Release|Any CPU
		{61D519A3-07B9-484D-8EB4-1C6DD6D4246A}.Release|Any CPU.Build.0 = Release|Any CPU
		{9745C76E-551D-4CD8-B60D-6C2DD772DEA0}.Debug|Any CPU.ActiveCfg = Debug|Any CPU
		{9745C76E-551D-4CD8-B60D-6C2DD772DEA0}.Debug|Any CPU.Build.0 = Debug|Any CPU
		{9745C76E-551D-4CD8-B60D-6C2DD772DEA0}.Release|Any CPU.ActiveCfg = Release|Any CPU
		{9745C76E-551D-4CD8-B60D-6C2DD772DEA0}.Release|Any CPU.Build.0 = Release|Any CPU
	EndGlobalSection
	GlobalSection(SolutionProperties) = preSolution
		HideSolutionNode = FALSE
	EndGlobalSection
	GlobalSection(ExtensibilityGlobals) = postSolution
		SolutionGuid = {6F1076F6-DC81-418D-A3E9-9B9602ACFDF6}
	EndGlobalSection
EndGlobal
